
Microsoft Visual Studio Solution File, Format Version 12.00
# Visual Studio Version 17
VisualStudioVersion = 17.9.34616.47
MinimumVisualStudioVersion = 10.0.40219.1
Project("{FAE04EC0-301F-11D3-BF4B-00C04F79EFBC}") = "M3Parser", "M3Parser.csproj", "{D0DB0168-6325-424E-BCFD-DA80035C338B}"
EndProject
Global
	GlobalSection(SolutionConfigurationPlatforms) = preSolution
		Debug|Any CPU = Debug|Any CPU
		Release|Any CPU = Release|Any CPU
	EndGlobalSection
	GlobalSection(ProjectConfigurationPlatforms) = postSolution
		{D0DB0168-6325-424E-BCFD-DA80035C338B}.Debug|Any CPU.ActiveCfg = Debug|Any CPU
		{D0DB0168-6325-424E-BCFD-DA80035C338B}.Debug|Any CPU.Build.0 = Debug|Any CPU
		{D0DB0168-6325-424E-BCFD-DA80035C338B}.Release|Any CPU.ActiveCfg = Release|Any CPU
		{D0DB0168-6325-424E-BCFD-DA80035C338B}.Release|Any CPU.Build.0 = Release|Any CPU
	EndGlobalSection
	GlobalSection(SolutionProperties) = preSolution
		HideSolutionNode = FALSE
	EndGlobalSection
	GlobalSection(ExtensibilityGlobals) = postSolution
		SolutionGuid = {7AFB7FE7-C349-4406-B006-1D879DE927F4}
	EndGlobalSection
EndGlobal
